{
  "name": "pdf",
  "lockfileVersion": 3,
  "requires": true,
  "packages": {
    "": {
      "dependencies": {
        "celizin": "^1.0.1"
      }
    },
    "node_modules/celizin": {
      "version": "1.0.1",
      "resolved": "https://registry.npmjs.org/celizin/-/celizin-1.0.1.tgz",
      "integrity": "sha512-8Ps185aWVycRd6+k+k58qzjdprTbqUZHVGQAuAX3hn8LNzrAGi6qCqRdi6NAyXmDG3/EPQnaITbptvId9LYEsA=="
    }
  }
}
